// !$*UTF8*$!
{
	archiveVersion = 1;
	classes = {
	};
	objectVersion = 50;
	objects = {

/* Begin PBXBuildFile section */
		76BA88EF21088D4D00F817BB /* AppDelegate.swift in Sources */ = {isa = PBXBuildFile; fileRef = 76BA88EE21088D4D00F817BB /* AppDelegate.swift */; };
		76BA88F121088D4E00F817BB /* MapVC.swift in Sources */ = {isa = PBXBuildFile; fileRef = 76BA88F021088D4E00F817BB /* MapVC.swift */; };
		76BA88F421088D4E00F817BB /* Main.storyboard in Resources */ = {isa = PBXBuildFile; fileRef = 76BA88F221088D4E00F817BB /* Main.storyboard */; };
		76BA88F621088D4F00F817BB /* Assets.xcassets in Resources */ = {isa = PBXBuildFile; fileRef = 76BA88F521088D4F00F817BB /* Assets.xcassets */; };
		76BA88F921088D4F00F817BB /* LaunchScreen.storyboard in Resources */ = {isa = PBXBuildFile; fileRef = 76BA88F721088D4F00F817BB /* LaunchScreen.storyboard */; };
		76BA890421088D4F00F817BB /* pixel_cityTests.swift in Sources */ = {isa = PBXBuildFile; fileRef = 76BA890321088D4F00F817BB /* pixel_cityTests.swift */; };
		76BA890F21088D4F00F817BB /* pixel_cityUITests.swift in Sources */ = {isa = PBXBuildFile; fileRef = 76BA890E21088D4F00F817BB /* pixel_cityUITests.swift */; };
		76C5A67E2109ACD100F8D325 /* DroppablePin.swift in Sources */ = {isa = PBXBuildFile; fileRef = 76C5A67D2109ACD100F8D325 /* DroppablePin.swift */; };
		76C5A6802109BEE600F8D325 /* PhotoCell.swift in Sources */ = {isa = PBXBuildFile; fileRef = 76C5A67F2109BEE600F8D325 /* PhotoCell.swift */; };
		76C5A6822109C2B700F8D325 /* Constants.swift in Sources */ = {isa = PBXBuildFile; fileRef = 76C5A6812109C2B700F8D325 /* Constants.swift */; };
		76C5A6842109E1F500F8D325 /* PopVC.swift in Sources */ = {isa = PBXBuildFile; fileRef = 76C5A6832109E1F500F8D325 /* PopVC.swift */; };
		ACCFDB23A77A56DF541D85AA /* Pods_pixel_city.framework in Frameworks */ = {isa = PBXBuildFile; fileRef = 30B1B66401A60AC1AFC5C120 /* Pods_pixel_city.framework */; };
		B1DB1394D38D341468CFEE3A /* Pods_pixel_cityUITests.framework in Frameworks */ = {isa = PBXBuildFile; fileRef = C5DE35CD517D028AD62E23E9 /* Pods_pixel_cityUITests.framework */; };
		F9D4D775E32F459144D01C87 /* Pods_pixel_cityTests.framework in Frameworks */ = {isa = PBXBuildFile; fileRef = 09A4AEC467EDEE7F64CC0BF9 /* Pods_pixel_cityTests.framework */; };
/* End PBXBuildFile section */

/* Begin PBXContainerItemProxy section */
		76BA890021088D4F00F817BB /* PBXContainerItemProxy */ = {
			isa = PBXContainerItemProxy;
			containerPortal = 76BA88E321088D4D00F817BB /* Project object */;
			proxyType = 1;
			remoteGlobalIDString = 76BA88EA21088D4D00F817BB;
			remoteInfo = "pixel-city";
		};
		76BA890B21088D4F00F817BB /* PBXContainerItemProxy */ = {
			isa = PBXContainerItemProxy;
			containerPortal = 76BA88E321088D4D00F817BB /* Project object */;
			proxyType = 1;
			remoteGlobalIDString = 76BA88EA21088D4D00F817BB;
			remoteInfo = "pixel-city";
		};
/* End PBXContainerItemProxy section */

/* Begin PBXFileReference section */
		09A4AEC467EDEE7F64CC0BF9 /* Pods_pixel_cityTests.framework */ = {isa = PBXFileReference; explicitFileType = wrapper.framework; includeInIndex = 0; path = Pods_pixel_cityTests.framework; sourceTree = BUILT_PRODUCTS_DIR; };
		0C236E7F948FFD5D587068F4 /* Pods-pixel-cityTests.release.xcconfig */ = {isa = PBXFileReference; includeInIndex = 1; lastKnownFileType = text.xcconfig; name = "Pods-pixel-cityTests.release.xcconfig"; path = "Pods/Target Support Files/Pods-pixel-cityTests/Pods-pixel-cityTests.release.xcconfig"; sourceTree = "<group>"; };
		30B1B66401A60AC1AFC5C120 /* Pods_pixel_city.framework */ = {isa = PBXFileReference; explicitFileType = wrapper.framework; includeInIndex = 0; path = Pods_pixel_city.framework; sourceTree = BUILT_PRODUCTS_DIR; };
		532B238DBDD43BAA4188BD61 /* Pods-pixel-cityUITests.release.xcconfig */ = {isa = PBXFileReference; includeInIndex = 1; lastKnownFileType = text.xcconfig; name = "Pods-pixel-cityUITests.release.xcconfig"; path = "Pods/Target Support Files/Pods-pixel-cityUITests/Pods-pixel-cityUITests.release.xcconfig"; sourceTree = "<group>"; };
		76BA88EB21088D4D00F817BB /* pixel-city.app */ = {isa = PBXFileReference; explicitFileType = wrapper.application; includeInIndex = 0; path = "pixel-city.app"; sourceTree = BUILT_PRODUCTS_DIR; };
		76BA88EE21088D4D00F817BB /* AppDelegate.swift */ = {isa = PBXFileReference; lastKnownFileType = sourcecode.swift; path = AppDelegate.swift; sourceTree = "<group>"; };
		76BA88F021088D4E00F817BB /* MapVC.swift */ = {isa = PBXFileReference; lastKnownFileType = sourcecode.swift; path = MapVC.swift; sourceTree = "<group>"; };
		76BA88F321088D4E00F817BB /* Base */ = {isa = PBXFileReference; lastKnownFileType = file.storyboard; name = Base; path = Base.lproj/Main.storyboard; sourceTree = "<group>"; };
		76BA88F521088D4F00F817BB /* Assets.xcassets */ = {isa = PBXFileReference; lastKnownFileType = folder.assetcatalog; path = Assets.xcassets; sourceTree = "<group>"; };
		76BA88F821088D4F00F817BB /* Base */ = {isa = PBXFileReference; lastKnownFileType = file.storyboard; name = Base; path = Base.lproj/LaunchScreen.storyboard; sourceTree = "<group>"; };
		76BA88FA21088D4F00F817BB /* Info.plist */ = {isa = PBXFileReference; lastKnownFileType = text.plist.xml; path = Info.plist; sourceTree = "<group>"; };
		76BA88FF21088D4F00F817BB /* pixel-cityTests.xctest */ = {isa = PBXFileReference; explicitFileType = wrapper.cfbundle; includeInIndex = 0; path = "pixel-cityTests.xctest"; sourceTree = BUILT_PRODUCTS_DIR; };
		76BA890321088D4F00F817BB /* pixel_cityTests.swift */ = {isa = PBXFileReference; lastKnownFileType = sourcecode.swift; path = pixel_cityTests.swift; sourceTree = "<group>"; };
		76BA890521088D4F00F817BB /* Info.plist */ = {isa = PBXFileReference; lastKnownFileType = text.plist.xml; path = Info.plist; sourceTree = "<group>"; };
		76BA890A21088D4F00F817BB /* pixel-cityUITests.xctest */ = {isa = PBXFileReference; explicitFileType = wrapper.cfbundle; includeInIndex = 0; path = "pixel-cityUITests.xctest"; sourceTree = BUILT_PRODUCTS_DIR; };
		76BA890E21088D4F00F817BB /* pixel_cityUITests.swift */ = {isa = PBXFileReference; lastKnownFileType = sourcecode.swift; path = pixel_cityUITests.swift; sourceTree = "<group>"; };
		76BA891021088D4F00F817BB /* Info.plist */ = {isa = PBXFileReference; lastKnownFileType = text.plist.xml; path = Info.plist; sourceTree = "<group>"; };
		76C5A67D2109ACD100F8D325 /* DroppablePin.swift */ = {isa = PBXFileReference; lastKnownFileType = sourcecode.swift; path = DroppablePin.swift; sourceTree = "<group>"; };
		76C5A67F2109BEE600F8D325 /* PhotoCell.swift */ = {isa = PBXFileReference; lastKnownFileType = sourcecode.swift; path = PhotoCell.swift; sourceTree = "<group>"; };
		76C5A6812109C2B700F8D325 /* Constants.swift */ = {isa = PBXFileReference; lastKnownFileType = sourcecode.swift; path = Constants.swift; sourceTree = "<group>"; };
		76C5A6832109E1F500F8D325 /* PopVC.swift */ = {isa = PBXFileReference; lastKnownFileType = sourcecode.swift; path = PopVC.swift; sourceTree = "<group>"; };
		96781D8986EB0104E9936BB8 /* Pods-pixel-cityUITests.debug.xcconfig */ = {isa = PBXFileReference; includeInIndex = 1; lastKnownFileType = text.xcconfig; name = "Pods-pixel-cityUITests.debug.xcconfig"; path = "Pods/Target Support Files/Pods-pixel-cityUITests/Pods-pixel-cityUITests.debug.xcconfig"; sourceTree = "<group>"; };
		A307C82AFF5D33BFE56892C8 /* Pods-pixel-cityTests.debug.xcconfig */ = {isa = PBXFileReference; includeInIndex = 1; lastKnownFileType = text.xcconfig; name = "Pods-pixel-cityTests.debug.xcconfig"; path = "Pods/Target Support Files/Pods-pixel-cityTests/Pods-pixel-cityTests.debug.xcconfig"; sourceTree = "<group>"; };
		C5DE35CD517D028AD62E23E9 /* Pods_pixel_cityUITests.framework */ = {isa = PBXFileReference; explicitFileType = wrapper.framework; includeInIndex = 0; path = Pods_pixel_cityUITests.framework; sourceTree = BUILT_PRODUCTS_DIR; };
		F05420D6A37AFBBBCF4F2704 /* Pods-pixel-city.debug.xcconfig */ = {isa = PBXFileReference; includeInIndex = 1; lastKnownFileType = text.xcconfig; name = "Pods-pixel-city.debug.xcconfig"; path = "Pods/Target Support Files/Pods-pixel-city/Pods-pixel-city.debug.xcconfig"; sourceTree = "<group>"; };
		FD5082FB0F3F5934B49E60A8 /* Pods-pixel-city.release.xcconfig */ = {isa = PBXFileReference; includeInIndex = 1; lastKnownFileType = text.xcconfig; name = "Pods-pixel-city.release.xcconfig"; path = "Pods/Target Support Files/Pods-pixel-city/Pods-pixel-city.release.xcconfig"; sourceTree = "<group>"; };
/* End PBXFileReference section */

/* Begin PBXFrameworksBuildPhase section */
		76BA88E821088D4D00F817BB /* Frameworks */ = {
			isa = PBXFrameworksBuildPhase;
			buildActionMask = 2147483647;
			files = (
				ACCFDB23A77A56DF541D85AA /* Pods_pixel_city.framework in Frameworks */,
			);
			runOnlyForDeploymentPostprocessing = 0;
		};
		76BA88FC21088D4F00F817BB /* Frameworks */ = {
			isa = PBXFrameworksBuildPhase;
			buildActionMask = 2147483647;
			files = (
				F9D4D775E32F459144D01C87 /* Pods_pixel_cityTests.framework in Frameworks */,
			);
			runOnlyForDeploymentPostprocessing = 0;
		};
		76BA890721088D4F00F817BB /* Frameworks */ = {
			isa = PBXFrameworksBuildPhase;
			buildActionMask = 2147483647;
			files = (
				B1DB1394D38D341468CFEE3A /* Pods_pixel_cityUITests.framework in Frameworks */,
			);
			runOnlyForDeploymentPostprocessing = 0;
		};
/* End PBXFrameworksBuildPhase section */

/* Begin PBXGroup section */
		35E8CC754576AC928C537A5A /* Pods */ = {
			isa = PBXGroup;
			children = (
				F05420D6A37AFBBBCF4F2704 /* Pods-pixel-city.debug.xcconfig */,
				FD5082FB0F3F5934B49E60A8 /* Pods-pixel-city.release.xcconfig */,
				A307C82AFF5D33BFE56892C8 /* Pods-pixel-cityTests.debug.xcconfig */,
				0C236E7F948FFD5D587068F4 /* Pods-pixel-cityTests.release.xcconfig */,
				96781D8986EB0104E9936BB8 /* Pods-pixel-cityUITests.debug.xcconfig */,
				532B238DBDD43BAA4188BD61 /* Pods-pixel-cityUITests.release.xcconfig */,
			);
			name = Pods;
			sourceTree = "<group>";
		};
		76BA88E221088D4D00F817BB = {
			isa = PBXGroup;
			children = (
				76BA88ED21088D4D00F817BB /* pixel-city */,
				76BA890221088D4F00F817BB /* pixel-cityTests */,
				76BA890D21088D4F00F817BB /* pixel-cityUITests */,
				76BA88EC21088D4D00F817BB /* Products */,
				35E8CC754576AC928C537A5A /* Pods */,
				9DF39D1BAD7E6D1E2CDD2DBF /* Frameworks */,
			);
			sourceTree = "<group>";
		};
		76BA88EC21088D4D00F817BB /* Products */ = {
			isa = PBXGroup;
			children = (
				76BA88EB21088D4D00F817BB /* pixel-city.app */,
				76BA88FF21088D4F00F817BB /* pixel-cityTests.xctest */,
				76BA890A21088D4F00F817BB /* pixel-cityUITests.xctest */,
			);
			name = Products;
			sourceTree = "<group>";
		};
		76BA88ED21088D4D00F817BB /* pixel-city */ = {
			isa = PBXGroup;
			children = (
				76BA891F21088DB600F817BB /* Utility */,
				76BA891E21088DA800F817BB /* Extension */,
				76BA891D21088D9300F817BB /* View */,
				76BA891C21088D7C00F817BB /* Controller */,
				76BA88EE21088D4D00F817BB /* AppDelegate.swift */,
				76BA88F221088D4E00F817BB /* Main.storyboard */,
				76BA88F521088D4F00F817BB /* Assets.xcassets */,
				76BA88F721088D4F00F817BB /* LaunchScreen.storyboard */,
				76BA88FA21088D4F00F817BB /* Info.plist */,
			);
			path = "pixel-city";
			sourceTree = "<group>";
		};
		76BA890221088D4F00F817BB /* pixel-cityTests */ = {
			isa = PBXGroup;
			children = (
				76BA890321088D4F00F817BB /* pixel_cityTests.swift */,
				76BA890521088D4F00F817BB /* Info.plist */,
			);
			path = "pixel-cityTests";
			sourceTree = "<group>";
		};
		76BA890D21088D4F00F817BB /* pixel-cityUITests */ = {
			isa = PBXGroup;
			children = (
				76BA890E21088D4F00F817BB /* pixel_cityUITests.swift */,
				76BA891021088D4F00F817BB /* Info.plist */,
			);
			path = "pixel-cityUITests";
			sourceTree = "<group>";
		};
		76BA891C21088D7C00F817BB /* Controller */ = {
			isa = PBXGroup;
			children = (
				76BA88F021088D4E00F817BB /* MapVC.swift */,
				76C5A6832109E1F500F8D325 /* PopVC.swift */,
			);
			path = Controller;
			sourceTree = "<group>";
		};
		76BA891D21088D9300F817BB /* View */ = {
			isa = PBXGroup;
			children = (
				76C5A67D2109ACD100F8D325 /* DroppablePin.swift */,
				76C5A67F2109BEE600F8D325 /* PhotoCell.swift */,
			);
			path = View;
			sourceTree = "<group>";
		};
		76BA891E21088DA800F817BB /* Extension */ = {
			isa = PBXGroup;
			children = (
			);
			path = Extension;
			sourceTree = "<group>";
		};
		76BA891F21088DB600F817BB /* Utility */ = {
			isa = PBXGroup;
			children = (
				76C5A6812109C2B700F8D325 /* Constants.swift */,
			);
			path = Utility;
			sourceTree = "<group>";
		};
		9DF39D1BAD7E6D1E2CDD2DBF /* Frameworks */ = {
			isa = PBXGroup;
			children = (
				30B1B66401A60AC1AFC5C120 /* Pods_pixel_city.framework */,
				09A4AEC467EDEE7F64CC0BF9 /* Pods_pixel_cityTests.framework */,
				C5DE35CD517D028AD62E23E9 /* Pods_pixel_cityUITests.framework */,
			);
			name = Frameworks;
			sourceTree = "<group>";
		};
/* End PBXGroup section */

/* Begin PBXNativeTarget section */
		76BA88EA21088D4D00F817BB /* pixel-city */ = {
			isa = PBXNativeTarget;
			buildConfigurationList = 76BA891321088D4F00F817BB /* Build configuration list for PBXNativeTarget "pixel-city" */;
			buildPhases = (
				044AF00C16C063C45701DB7C /* [CP] Check Pods Manifest.lock */,
				76BA88E721088D4D00F817BB /* Sources */,
				76BA88E821088D4D00F817BB /* Frameworks */,
				76BA88E921088D4D00F817BB /* Resources */,
				87B5CD27CEDA0A2875789C53 /* [CP] Embed Pods Frameworks */,
			);
			buildRules = (
			);
			dependencies = (
			);
			name = "pixel-city";
			productName = "pixel-city";
			productReference = 76BA88EB21088D4D00F817BB /* pixel-city.app */;
			productType = "com.apple.product-type.application";
		};
		76BA88FE21088D4F00F817BB /* pixel-cityTests */ = {
			isa = PBXNativeTarget;
			buildConfigurationList = 76BA891621088D4F00F817BB /* Build configuration list for PBXNativeTarget "pixel-cityTests" */;
			buildPhases = (
				16E3AF97DF5859063E809DCE /* [CP] Check Pods Manifest.lock */,
				76BA88FB21088D4F00F817BB /* Sources */,
				76BA88FC21088D4F00F817BB /* Frameworks */,
				76BA88FD21088D4F00F817BB /* Resources */,
			);
			buildRules = (
			);
			dependencies = (
				76BA890121088D4F00F817BB /* PBXTargetDependency */,
			);
			name = "pixel-cityTests";
			productName = "pixel-cityTests";
			productReference = 76BA88FF21088D4F00F817BB /* pixel-cityTests.xctest */;
			productType = "com.apple.product-type.bundle.unit-test";
		};
		76BA890921088D4F00F817BB /* pixel-cityUITests */ = {
			isa = PBXNativeTarget;
			buildConfigurationList = 76BA891921088D4F00F817BB /* Build configuration list for PBXNativeTarget "pixel-cityUITests" */;
			buildPhases = (
				7DDF0576A461338E254D6AE4 /* [CP] Check Pods Manifest.lock */,
				76BA890621088D4F00F817BB /* Sources */,
				76BA890721088D4F00F817BB /* Frameworks */,
				76BA890821088D4F00F817BB /* Resources */,
			);
			buildRules = (
			);
			dependencies = (
				76BA890C21088D4F00F817BB /* PBXTargetDependency */,
			);
			name = "pixel-cityUITests";
			productName = "pixel-cityUITests";
			productReference = 76BA890A21088D4F00F817BB /* pixel-cityUITests.xctest */;
			productType = "com.apple.product-type.bundle.ui-testing";
		};
/* End PBXNativeTarget section */

/* Begin PBXProject section */
		76BA88E321088D4D00F817BB /* Project object */ = {
			isa = PBXProject;
			attributes = {
				LastSwiftUpdateCheck = 0940;
				LastUpgradeCheck = 0940;
				ORGANIZATIONNAME = "Jemimah Beryl M. Sai";
				TargetAttributes = {
					76BA88EA21088D4D00F817BB = {
						CreatedOnToolsVersion = 9.4.1;
					};
					76BA88FE21088D4F00F817BB = {
						CreatedOnToolsVersion = 9.4.1;
						TestTargetID = 76BA88EA21088D4D00F817BB;
					};
					76BA890921088D4F00F817BB = {
						CreatedOnToolsVersion = 9.4.1;
						TestTargetID = 76BA88EA21088D4D00F817BB;
					};
				};
			};
			buildConfigurationList = 76BA88E621088D4D00F817BB /* Build configuration list for PBXProject "pixel-city" */;
			compatibilityVersion = "Xcode 9.3";
			developmentRegion = en;
			hasScannedForEncodings = 0;
			knownRegions = (
				en,
				Base,
			);
			mainGroup = 76BA88E221088D4D00F817BB;
			productRefGroup = 76BA88EC21088D4D00F817BB /* Products */;
			projectDirPath = "";
			projectRoot = "";
			targets = (
				76BA88EA21088D4D00F817BB /* pixel-city */,
				76BA88FE21088D4F00F817BB /* pixel-cityTests */,
				76BA890921088D4F00F817BB /* pixel-cityUITests */,
			);
		};
/* End PBXProject section */

/* Begin PBXResourcesBuildPhase section */
		76BA88E921088D4D00F817BB /* Resources */ = {
			isa = PBXResourcesBuildPhase;
			buildActionMask = 2147483647;
			files = (
				76BA88F921088D4F00F817BB /* LaunchScreen.storyboard in Resources */,
				76BA88F621088D4F00F817BB /* Assets.xcassets in Resources */,
				76BA88F421088D4E00F817BB /* Main.storyboard in Resources */,
			);
			runOnlyForDeploymentPostprocessing = 0;
		};
		76BA88FD21088D4F00F817BB /* Resources */ = {
			isa = PBXResourcesBuildPhase;
			buildActionMask = 2147483647;
			files = (
			);
			runOnlyForDeploymentPostprocessing = 0;
		};
		76BA890821088D4F00F817BB /* Resources */ = {
			isa = PBXResourcesBuildPhase;
			buildActionMask = 2147483647;
			files = (
			);
			runOnlyForDeploymentPostprocessing = 0;
		};
/* End PBXResourcesBuildPhase section */

/* Begin PBXShellScriptBuildPhase section */
		044AF00C16C063C45701DB7C /* [CP] Check Pods Manifest.lock */ = {
			isa = PBXShellScriptBuildPhase;
			buildActionMask = 2147483647;
			files = (
			);
			inputPaths = (
				"${PODS_PODFILE_DIR_PATH}/Podfile.lock",
				"${PODS_ROOT}/Manifest.lock",
			);
			name = "[CP] Check Pods Manifest.lock";
			outputPaths = (
				"$(DERIVED_FILE_DIR)/Pods-pixel-city-checkManifestLockResult.txt",
			);
			runOnlyForDeploymentPostprocessing = 0;
			shellPath = /bin/sh;
			shellScript = "diff \"${PODS_PODFILE_DIR_PATH}/Podfile.lock\" \"${PODS_ROOT}/Manifest.lock\" > /dev/null\nif [ $? != 0 ] ; then\n    # print error to STDERR\n    echo \"error: The sandbox is not in sync with the Podfile.lock. Run 'pod install' or update your CocoaPods installation.\" >&2\n    exit 1\nfi\n# This output is used by Xcode 'outputs' to avoid re-running this script phase.\necho \"SUCCESS\" > \"${SCRIPT_OUTPUT_FILE_0}\"\n";
			showEnvVarsInLog = 0;
		};
		16E3AF97DF5859063E809DCE /* [CP] Check Pods Manifest.lock */ = {
			isa = PBXShellScriptBuildPhase;
			buildActionMask = 2147483647;
			files = (
			);
			inputPaths = (
				"${PODS_PODFILE_DIR_PATH}/Podfile.lock",
				"${PODS_ROOT}/Manifest.lock",
			);
			name = "[CP] Check Pods Manifest.lock";
			outputPaths = (
				"$(DERIVED_FILE_DIR)/Pods-pixel-cityTests-checkManifestLockResult.txt",
			);
			runOnlyForDeploymentPostprocessing = 0;
			shellPath = /bin/sh;
			shellScript = "diff \"${PODS_PODFILE_DIR_PATH}/Podfile.lock\" \"${PODS_ROOT}/Manifest.lock\" > /dev/null\nif [ $? != 0 ] ; then\n    # print error to STDERR\n    echo \"error: The sandbox is not in sync with the Podfile.lock. Run 'pod install' or update your CocoaPods installation.\" >&2\n    exit 1\nfi\n# This output is used by Xcode 'outputs' to avoid re-running this script phase.\necho \"SUCCESS\" > \"${SCRIPT_OUTPUT_FILE_0}\"\n";
			showEnvVarsInLog = 0;
		};
		7DDF0576A461338E254D6AE4 /* [CP] Check Pods Manifest.lock */ = {
			isa = PBXShellScriptBuildPhase;
			buildActionMask = 2147483647;
			files = (
			);
			inputPaths = (
				"${PODS_PODFILE_DIR_PATH}/Podfile.lock",
				"${PODS_ROOT}/Manifest.lock",
			);
			name = "[CP] Check Pods Manifest.lock";
			outputPaths = (
				"$(DERIVED_FILE_DIR)/Pods-pixel-cityUITests-checkManifestLockResult.txt",
			);
			runOnlyForDeploymentPostprocessing = 0;
			shellPath = /bin/sh;
			shellScript = "diff \"${PODS_PODFILE_DIR_PATH}/Podfile.lock\" \"${PODS_ROOT}/Manifest.lock\" > /dev/null\nif [ $? != 0 ] ; then\n    # print error to STDERR\n    echo \"error: The sandbox is not in sync with the Podfile.lock. Run 'pod install' or update your CocoaPods installation.\" >&2\n    exit 1\nfi\n# This output is used by Xcode 'outputs' to avoid re-running this script phase.\necho \"SUCCESS\" > \"${SCRIPT_OUTPUT_FILE_0}\"\n";
			showEnvVarsInLog = 0;
		};
		87B5CD27CEDA0A2875789C53 /* [CP] Embed Pods Frameworks */ = {
			isa = PBXShellScriptBuildPhase;
			buildActionMask = 2147483647;
			files = (
			);
			inputPaths = (
				"${SRCROOT}/Pods/Target Support Files/Pods-pixel-city/Pods-pixel-city-frameworks.sh",
				"${BUILT_PRODUCTS_DIR}/Alamofire/Alamofire.framework",
				"${BUILT_PRODUCTS_DIR}/AlamofireImage/AlamofireImage.framework",
			);
			name = "[CP] Embed Pods Frameworks";
			outputPaths = (
				"${TARGET_BUILD_DIR}/${FRAMEWORKS_FOLDER_PATH}/Alamofire.framework",
				"${TARGET_BUILD_DIR}/${FRAMEWORKS_FOLDER_PATH}/AlamofireImage.framework",
			);
			runOnlyForDeploymentPostprocessing = 0;
			shellPath = /bin/sh;
			shellScript = "\"${SRCROOT}/Pods/Target Support Files/Pods-pixel-city/Pods-pixel-city-frameworks.sh\"\n";
			showEnvVarsInLog = 0;
		};
/* End PBXShellScriptBuildPhase section */

/* Begin PBXSourcesBuildPhase section */
		76BA88E721088D4D00F817BB /* Sources */ = {
			isa = PBXSourcesBuildPhase;
			buildActionMask = 2147483647;
			files = (
				76C5A6842109E1F500F8D325 /* PopVC.swift in Sources */,
				76C5A6822109C2B700F8D325 /* Constants.swift in Sources */,
				76C5A6802109BEE600F8D325 /* PhotoCell.swift in Sources */,
				76BA88F121088D4E00F817BB /* MapVC.swift in Sources */,
				76C5A67E2109ACD100F8D325 /* DroppablePin.swift in Sources */,
				76BA88EF21088D4D00F817BB /* AppDelegate.swift in Sources */,
			);
			runOnlyForDeploymentPostprocessing = 0;
		};
		76BA88FB21088D4F00F817BB /* Sources */ = {
			isa = PBXSourcesBuildPhase;
			buildActionMask = 2147483647;
			files = (
				76BA890421088D4F00F817BB /* pixel_cityTests.swift in Sources */,
			);
			runOnlyForDeploymentPostprocessing = 0;
		};
		76BA890621088D4F00F817BB /* Sources */ = {
			isa = PBXSourcesBuildPhase;
			buildActionMask = 2147483647;
			files = (
				76BA890F21088D4F00F817BB /* pixel_cityUITests.swift in Sources */,
			);
			runOnlyForDeploymentPostprocessing = 0;
		};
/* End PBXSourcesBuildPhase section */

/* Begin PBXTargetDependency section */
		76BA890121088D4F00F817BB /* PBXTargetDependency */ = {
			isa = PBXTargetDependency;
			target = 76BA88EA21088D4D00F817BB /* pixel-city */;
			targetProxy = 76BA890021088D4F00F817BB /* PBXContainerItemProxy */;
		};
		76BA890C21088D4F00F817BB /* PBXTargetDependency */ = {
			isa = PBXTargetDependency;
			target = 76BA88EA21088D4D00F817BB /* pixel-city */;
			targetProxy = 76BA890B21088D4F00F817BB /* PBXContainerItemProxy */;
		};
/* End PBXTargetDependency section */

/* Begin PBXVariantGroup section */
		76BA88F221088D4E00F817BB /* Main.storyboard */ = {
			isa = PBXVariantGroup;
			children = (
				76BA88F321088D4E00F817BB /* Base */,
			);
			name = Main.storyboard;
			sourceTree = "<group>";
		};
		76BA88F721088D4F00F817BB /* LaunchScreen.storyboard */ = {
			isa = PBXVariantGroup;
			children = (
				76BA88F821088D4F00F817BB /* Base */,
			);
			name = LaunchScreen.storyboard;
			sourceTree = "<group>";
		};
/* End PBXVariantGroup section */

/* Begin XCBuildConfiguration section */
		76BA891121088D4F00F817BB /* Debug */ = {
			isa = XCBuildConfiguration;
			buildSettings = {
				ALWAYS_SEARCH_USER_PATHS = NO;
				CLANG_ANALYZER_NONNULL = YES;
				CLANG_ANALYZER_NUMBER_OBJECT_CONVERSION = YES_AGGRESSIVE;
				CLANG_CXX_LANGUAGE_STANDARD = "gnu++14";
				CLANG_CXX_LIBRARY = "libc++";
				CLANG_ENABLE_MODULES = YES;
				CLANG_ENABLE_OBJC_ARC = YES;
				CLANG_ENABLE_OBJC_WEAK = YES;
				CLANG_WARN_BLOCK_CAPTURE_AUTORELEASING = YES;
				CLANG_WARN_BOOL_CONVERSION = YES;
				CLANG_WARN_COMMA = YES;
				CLANG_WARN_CONSTANT_CONVERSION = YES;
				CLANG_WARN_DEPRECATED_OBJC_IMPLEMENTATIONS = YES;
				CLANG_WARN_DIRECT_OBJC_ISA_USAGE = YES_ERROR;
				CLANG_WARN_DOCUMENTATION_COMMENTS = YES;
				CLANG_WARN_EMPTY_BODY = YES;
				CLANG_WARN_ENUM_CONVERSION = YES;
				CLANG_WARN_INFINITE_RECURSION = YES;
				CLANG_WARN_INT_CONVERSION = YES;
				CLANG_WARN_NON_LITERAL_NULL_CONVERSION = YES;
				CLANG_WARN_OBJC_IMPLICIT_RETAIN_SELF = YES;
				CLANG_WARN_OBJC_LITERAL_CONVERSION = YES;
				CLANG_WARN_OBJC_ROOT_CLASS = YES_ERROR;
				CLANG_WARN_RANGE_LOOP_ANALYSIS = YES;
				CLANG_WARN_STRICT_PROTOTYPES = YES;
				CLANG_WARN_SUSPICIOUS_MOVE = YES;
				CLANG_WARN_UNGUARDED_AVAILABILITY = YES_AGGRESSIVE;
				CLANG_WARN_UNREACHABLE_CODE = YES;
				CLANG_WARN__DUPLICATE_METHOD_MATCH = YES;
				CODE_SIGN_IDENTITY = "iPhone Developer";
				COPY_PHASE_STRIP = NO;
				DEBUG_INFORMATION_FORMAT = dwarf;
				ENABLE_STRICT_OBJC_MSGSEND = YES;
				ENABLE_TESTABILITY = YES;
				GCC_C_LANGUAGE_STANDARD = gnu11;
				GCC_DYNAMIC_NO_PIC = NO;
				GCC_NO_COMMON_BLOCKS = YES;
				GCC_OPTIMIZATION_LEVEL = 0;
				GCC_PREPROCESSOR_DEFINITIONS = (
					"DEBUG=1",
					"$(inherited)",
				);
				GCC_WARN_64_TO_32_BIT_CONVERSION = YES;
				GCC_WARN_ABOUT_RETURN_TYPE = YES_ERROR;
				GCC_WARN_UNDECLARED_SELECTOR = YES;
				GCC_WARN_UNINITIALIZED_AUTOS = YES_AGGRESSIVE;
				GCC_WARN_UNUSED_FUNCTION = YES;
				GCC_WARN_UNUSED_VARIABLE = YES;
				IPHONEOS_DEPLOYMENT_TARGET = 11.4;
				MTL_ENABLE_DEBUG_INFO = YES;
				ONLY_ACTIVE_ARCH = YES;
				SDKROOT = iphoneos;
				SWIFT_ACTIVE_COMPILATION_CONDITIONS = DEBUG;
				SWIFT_OPTIMIZATION_LEVEL = "-Onone";
			};
			name = Debug;
		};
		76BA891221088D4F00F817BB /* Release */ = {
			isa = XCBuildConfiguration;
			buildSettings = {
				ALWAYS_SEARCH_USER_PATHS = NO;
				CLANG_ANALYZER_NONNULL = YES;
				CLANG_ANALYZER_NUMBER_OBJECT_CONVERSION = YES_AGGRESSIVE;
				CLANG_CXX_LANGUAGE_STANDARD = "gnu++14";
				CLANG_CXX_LIBRARY = "libc++";
				CLANG_ENABLE_MODULES = YES;
				CLANG_ENABLE_OBJC_ARC = YES;
				CLANG_ENABLE_OBJC_WEAK = YES;
				CLANG_WARN_BLOCK_CAPTURE_AUTORELEASING = YES;
				CLANG_WARN_BOOL_CONVERSION = YES;
				CLANG_WARN_COMMA = YES;
				CLANG_WARN_CONSTANT_CONVERSION = YES;
				CLANG_WARN_DEPRECATED_OBJC_IMPLEMENTATIONS = YES;
				CLANG_WARN_DIRECT_OBJC_ISA_USAGE = YES_ERROR;
				CLANG_WARN_DOCUMENTATION_COMMENTS = YES;
				CLANG_WARN_EMPTY_BODY = YES;
				CLANG_WARN_ENUM_CONVERSION = YES;
				CLANG_WARN_INFINITE_RECURSION = YES;
				CLANG_WARN_INT_CONVERSION = YES;
				CLANG_WARN_NON_LITERAL_NULL_CONVERSION = YES;
				CLANG_WARN_OBJC_IMPLICIT_RETAIN_SELF = YES;
				CLANG_WARN_OBJC_LITERAL_CONVERSION = YES;
				CLANG_WARN_OBJC_ROOT_CLASS = YES_ERROR;
				CLANG_WARN_RANGE_LOOP_ANALYSIS = YES;
				CLANG_WARN_STRICT_PROTOTYPES = YES;
				CLANG_WARN_SUSPICIOUS_MOVE = YES;
				CLANG_WARN_UNGUARDED_AVAILABILITY = YES_AGGRESSIVE;
				CLANG_WARN_UNREACHABLE_CODE = YES;
				CLANG_WARN__DUPLICATE_METHOD_MATCH = YES;
				CODE_SIGN_IDENTITY = "iPhone Developer";
				COPY_PHASE_STRIP = NO;
				DEBUG_INFORMATION_FORMAT = "dwarf-with-dsym";
				ENABLE_NS_ASSERTIONS = NO;
				ENABLE_STRICT_OBJC_MSGSEND = YES;
				GCC_C_LANGUAGE_STANDARD = gnu11;
				GCC_NO_COMMON_BLOCKS = YES;
				GCC_WARN_64_TO_32_BIT_CONVERSION = YES;
				GCC_WARN_ABOUT_RETURN_TYPE = YES_ERROR;
				GCC_WARN_UNDECLARED_SELECTOR = YES;
				GCC_WARN_UNINITIALIZED_AUTOS = YES_AGGRESSIVE;
				GCC_WARN_UNUSED_FUNCTION = YES;
				GCC_WARN_UNUSED_VARIABLE = YES;
				IPHONEOS_DEPLOYMENT_TARGET = 11.4;
				MTL_ENABLE_DEBUG_INFO = NO;
				SDKROOT = iphoneos;
				SWIFT_COMPILATION_MODE = wholemodule;
				SWIFT_OPTIMIZATION_LEVEL = "-O";
				VALIDATE_PRODUCT = YES;
			};
			name = Release;
		};
		76BA891421088D4F00F817BB /* Debug */ = {
			isa = XCBuildConfiguration;
			baseConfigurationReference = F05420D6A37AFBBBCF4F2704 /* Pods-pixel-city.debug.xcconfig */;
			buildSettings = {
				ASSETCATALOG_COMPILER_APPICON_NAME = AppIcon;
				CODE_SIGN_STYLE = Automatic;
				DEVELOPMENT_TEAM = JTGYX74X92;
				INFOPLIST_FILE = "pixel-city/Info.plist";
				LD_RUNPATH_SEARCH_PATHS = (
					"$(inherited)",
					"@executable_path/Frameworks",
				);
				PRODUCT_BUNDLE_IDENTIFIER = "com.practice.pixel-city";
				PRODUCT_NAME = "$(TARGET_NAME)";
				SWIFT_VERSION = 4.0;
				TARGETED_DEVICE_FAMILY = "1,2";
			};
			name = Debug;
		};
		76BA891521088D4F00F817BB /* Release */ = {
			isa = XCBuildConfiguration;
			baseConfigurationReference = FD5082FB0F3F5934B49E60A8 /* Pods-pixel-city.release.xcconfig */;
			buildSettings = {
				ASSETCATALOG_COMPILER_APPICON_NAME = AppIcon;
				CODE_SIGN_STYLE = Automatic;
				DEVELOPMENT_TEAM = JTGYX74X92;
				INFOPLIST_FILE = "pixel-city/Info.plist";
				LD_RUNPATH_SEARCH_PATHS = (
					"$(inherited)",
					"@executable_path/Frameworks",
				);
				PRODUCT_BUNDLE_IDENTIFIER = "com.practice.pixel-city";
				PRODUCT_NAME = "$(TARGET_NAME)";
				SWIFT_VERSION = 4.0;
				TARGETED_DEVICE_FAMILY = "1,2";
			};
			name = Release;
		};
		76BA891721088D4F00F817BB /* Debug */ = {
			isa = XCBuildConfiguration;
			baseConfigurationReference = A307C82AFF5D33BFE56892C8 /* Pods-pixel-cityTests.debug.xcconfig */;
			buildSettings = {
				ALWAYS_EMBED_SWIFT_STANDARD_LIBRARIES = YES;
				BUNDLE_LOADER = "$(TEST_HOST)";
				CODE_SIGN_STYLE = Automatic;
				DEVELOPMENT_TEAM = JTGYX74X92;
				INFOPLIST_FILE = "pixel-cityTests/Info.plist";
				LD_RUNPATH_SEARCH_PATHS = (
					"$(inherited)",
					"@executable_path/Frameworks",
					"@loader_path/Frameworks",
				);
				PRODUCT_BUNDLE_IDENTIFIER = "com.practice.pixel-cityTests";
				PRODUCT_NAME = "$(TARGET_NAME)";
				SWIFT_VERSION = 4.0;
				TARGETED_DEVICE_FAMILY = "1,2";
				TEST_HOST = "$(BUILT_PRODUCTS_DIR)/pixel-city.app/pixel-city";
			};
			name = Debug;
		};
		76BA891821088D4F00F817BB /* Release */ = {
			isa = XCBuildConfiguration;
			baseConfigurationReference = 0C236E7F948FFD5D587068F4 /* Pods-pixel-cityTests.release.xcconfig */;
			buildSettings = {
				ALWAYS_EMBED_SWIFT_STANDARD_LIBRARIES = YES;
				BUNDLE_LOADER = "$(TEST_HOST)";
				CODE_SIGN_STYLE = Automatic;
				DEVELOPMENT_TEAM = JTGYX74X92;
				INFOPLIST_FILE = "pixel-cityTests/Info.plist";
				LD_RUNPATH_SEARCH_PATHS = (
					"$(inherited)",
					"@executable_path/Frameworks",
					"@loader_path/Frameworks",
				);
				PRODUCT_BUNDLE_IDENTIFIER = "com.practice.pixel-cityTests";
				PRODUCT_NAME = "$(TARGET_NAME)";
				SWIFT_VERSION = 4.0;
				TARGETED_DEVICE_FAMILY = "1,2";
				TEST_HOST = "$(BUILT_PRODUCTS_DIR)/pixel-city.app/pixel-city";
			};
			name = Release;
		};
		76BA891A21088D4F00F817BB /* Debug */ = {
			isa = XCBuildConfiguration;
			baseConfigurationReference = 96781D8986EB0104E9936BB8 /* Pods-pixel-cityUITests.debug.xcconfig */;
			buildSettings = {
				ALWAYS_EMBED_SWIFT_STANDARD_LIBRARIES = YES;
				CODE_SIGN_STYLE = Automatic;
				DEVELOPMENT_TEAM = JTGYX74X92;
				INFOPLIST_FILE = "pixel-cityUITests/Info.plist";
				LD_RUNPATH_SEARCH_PATHS = (
					"$(inherited)",
					"@executable_path/Frameworks",
					"@loader_path/Frameworks",
				);
				PRODUCT_BUNDLE_IDENTIFIER = "com.practice.pixel-cityUITests";
				PRODUCT_NAME = "$(TARGET_NAME)";
				SWIFT_VERSION = 4.0;
				TARGETED_DEVICE_FAMILY = "1,2";
				TEST_TARGET_NAME = "pixel-city";
			};
			name = Debug;
		};
		76BA891B21088D4F00F817BB /* Release */ = {
			isa = XCBuildConfiguration;
			baseConfigurationReference = 532B238DBDD43BAA4188BD61 /* Pods-pixel-cityUITests.release.xcconfig */;
			buildSettings = {
				ALWAYS_EMBED_SWIFT_STANDARD_LIBRARIES = YES;
				CODE_SIGN_STYLE = Automatic;
				DEVELOPMENT_TEAM = JTGYX74X92;
				INFOPLIST_FILE = "pixel-cityUITests/Info.plist";
				LD_RUNPATH_SEARCH_PATHS = (
					"$(inherited)",
					"@executable_path/Frameworks",
					"@loader_path/Frameworks",
				);
				PRODUCT_BUNDLE_IDENTIFIER = "com.practice.pixel-cityUITests";
				PRODUCT_NAME = "$(TARGET_NAME)";
				SWIFT_VERSION = 4.0;
				TARGETED_DEVICE_FAMILY = "1,2";
				TEST_TARGET_NAME = "pixel-city";
			};
			name = Release;
		};
/* End XCBuildConfiguration section */

/* Begin XCConfigurationList section */
		76BA88E621088D4D00F817BB /* Build configuration list for PBXProject "pixel-city" */ = {
			isa = XCConfigurationList;
			buildConfigurations = (
				76BA891121088D4F00F817BB /* Debug */,
				76BA891221088D4F00F817BB /* Release */,
			);
			defaultConfigurationIsVisible = 0;
			defaultConfigurationName = Release;
		};
		76BA891321088D4F00F817BB /* Build configuration list for PBXNativeTarget "pixel-city" */ = {
			isa = XCConfigurationList;
			buildConfigurations = (
				76BA891421088D4F00F817BB /* Debug */,
				76BA891521088D4F00F817BB /* Release */,
			);
			defaultConfigurationIsVisible = 0;
			defaultConfigurationName = Release;
		};
		76BA891621088D4F00F817BB /* Build configuration list for PBXNativeTarget "pixel-cityTests" */ = {
			isa = XCConfigurationList;
			buildConfigurations = (
				76BA891721088D4F00F817BB /* Debug */,
				76BA891821088D4F00F817BB /* Release */,
			);
			defaultConfigurationIsVisible = 0;
			defaultConfigurationName = Release;
		};
		76BA891921088D4F00F817BB /* Build configuration list for PBXNativeTarget "pixel-cityUITests" */ = {
			isa = XCConfigurationList;
			buildConfigurations = (
				76BA891A21088D4F00F817BB /* Debug */,
				76BA891B21088D4F00F817BB /* Release */,
			);
			defaultConfigurationIsVisible = 0;
			defaultConfigurationName = Release;
		};
/* End XCConfigurationList section */
	};
	rootObject = 76BA88E321088D4D00F817BB /* Project object */;
}
